
Microsoft Visual Studio Solution File, Format Version 12.00
# Visual Studio Version 17
VisualStudioVersion = 17.13.35931.197
MinimumVisualStudioVersion = 10.0.40219.1
Project("{8BC9CEB8-8B4A-11D0-8D11-00A0C91BC942}") = "WhosWho", "WhosWho\WhosWho.vcxproj", "{F9F7F612-3409-7052-C129-ECF255509867}"
EndProject
Project("{8BC9CEB8-8B4A-11D0-8D11-00A0C91BC942}") = "WindMapper", "..\..\mapper\WindMapper.vcxproj", "{8A1C9D2E-3B4F-5C6A-7D8E-9F0A1B2C3D4E}"
EndProject
Global
	GlobalSection(SolutionConfigurationPlatforms) = preSolution
		Debug|ARM64 = Debug|ARM64
		Debug|x64 = Debug|x64
		Release|ARM64 = Release|ARM64
		Release|x64 = Release|x64
	EndGlobalSection
	GlobalSection(ProjectConfigurationPlatforms) = postSolution
		{F9F7F612-3409-7052-C129-ECF255509867}.Debug|ARM64.ActiveCfg = Debug|ARM64
		{F9F7F612-3409-7052-C129-ECF255509867}.Debug|ARM64.Build.0 = Debug|ARM64
		{F9F7F612-3409-7052-C129-ECF255509867}.Debug|ARM64.Deploy.0 = Debug|ARM64
		{F9F7F612-3409-7052-C129-ECF255509867}.Debug|x64.ActiveCfg = Debug|x64
		{F9F7F612-3409-7052-C129-ECF255509867}.Debug|x64.Build.0 = Debug|x64
		{F9F7F612-3409-7052-C129-ECF255509867}.Debug|x64.Deploy.0 = Debug|x64
		{F9F7F612-3409-7052-C129-ECF255509867}.Release|ARM64.ActiveCfg = Release|ARM64
		{F9F7F612-3409-7052-C129-ECF255509867}.Release|ARM64.Build.0 = Release|ARM64
		{F9F7F612-3409-7052-C129-ECF255509867}.Release|ARM64.Deploy.0 = Release|ARM64
		{F9F7F612-3409-7052-C129-ECF255509867}.Release|x64.ActiveCfg = Release|x64
		{F9F7F612-3409-7052-C129-ECF255509867}.Release|x64.Build.0 = Release|x64
		{F9F7F612-3409-7052-C129-ECF255509867}.Release|x64.Deploy.0 = Release|x64
		{8A1C9D2E-3B4F-5C6A-7D8E-9F0A1B2C3D4E}.Debug|ARM64.ActiveCfg = Debug|x64
		{8A1C9D2E-3B4F-5C6A-7D8E-9F0A1B2C3D4E}.Debug|ARM64.Build.0 = Debug|x64
		{8A1C9D2E-3B4F-5C6A-7D8E-9F0A1B2C3D4E}.Debug|x64.ActiveCfg = Debug|x64
		{8A1C9D2E-3B4F-5C6A-7D8E-9F0A1B2C3D4E}.Debug|x64.Build.0 = Debug|x64
		{8A1C9D2E-3B4F-5C6A-7D8E-9F0A1B2C3D4E}.Release|ARM64.ActiveCfg = Release|x64
		{8A1C9D2E-3B4F-5C6A-7D8E-9F0A1B2C3D4E}.Release|ARM64.Build.0 = Release|x64
		{8A1C9D2E-3B4F-5C6A-7D8E-9F0A1B2C3D4E}.Release|x64.ActiveCfg = Release|x64
		{8A1C9D2E-3B4F-5C6A-7D8E-9F0A1B2C3D4E}.Release|x64.Build.0 = Release|x64
	EndGlobalSection
	GlobalSection(SolutionProperties) = preSolution
		HideSolutionNode = FALSE
	EndGlobalSection
	GlobalSection(ExtensibilityGlobals) = postSolution
		SolutionGuid = {B3ACD063-5859-4C92-977C-C23EE5E9D076}
	EndGlobalSection
EndGlobal
