<?xml version="1.0" encoding="utf-8"?>
<Project ToolsVersion="4.0" xmlns="http://schemas.microsoft.com/developer/msbuild/2003">
  <ItemGroup>
    <Filter Include="Source Files">
      <UniqueIdentifier>{4FC737F1-C7A5-4376-A066-2A32D752A2FF}</UniqueIdentifier>
      <Extensions>cpp;c;cc;cxx;def;odl;idl;hpj;bat;asm;asmx</Extensions>
    </Filter>
    <Filter Include="Header Files">
      <UniqueIdentifier>{93995380-89BD-4b04-88EB-625FBE52EBFB}</UniqueIdentifier>
      <Extensions>h;hpp;hxx;hm;inl;inc;xsd</Extensions>
    </Filter>
    <Filter Include="Resource Files">
      <UniqueIdentifier>{67DA6AB6-F800-4c08-8B7A-83BB121AAD01}</UniqueIdentifier>
      <Extensions>rc;ico;cur;bmp;dlg;rc2;rct;bin;rgs;gif;jpg;jpeg;jpe;resx;tiff;tif;png;wav;mfcribbon-ms</Extensions>
    </Filter>
    <Filter Include="Driver Files">
      <UniqueIdentifier>{8E41214B-6785-4CFE-B992-037D68949A14}</UniqueIdentifier>
      <Extensions>inf;inv;inx;mof;mc;</Extensions>
    </Filter>
  </ItemGroup>
  <ItemGroup>
    <ClCompile Include="src\DriverEntry.cpp">
      <Filter>Source Files</Filter>
    </ClCompile>
    <ClCompile Include="src\function\impl\Memory.cpp">
      <Filter>Source Files</Filter>
    </ClCompile>
    <ClCompile Include="src\function\impl\BaseAddress.cpp">
      <Filter>Source Files</Filter>
    </ClCompile>
    <ClCompile Include="src\function\impl\MouseMovement.cpp">
      <Filter>Source Files</Filter>
    </ClCompile>
    <ClCompile Include="src\function\impl\DTB.cpp">
      <Filter>Source Files</Filter>
    </ClCompile>
    <ClCompile Include="src\function\impl\RemoteCall.cpp">
      <Filter>Source Files</Filter>
    </ClCompile>
  </ItemGroup>
  <ItemGroup>
    <MASM Include="src\imports\ntoskernel_base.asm">
      <Filter>Source Files</Filter>
    </MASM>
  </ItemGroup>
  <ItemGroup>
    <ClInclude Include="src\imports\Defs.h">
      <Filter>Header Files</Filter>
    </ClInclude>
    <ClInclude Include="src\imports\Strings.h">
      <Filter>Header Files</Filter>
    </ClInclude>
    <ClInclude Include="ext\Crypter.h">
      <Filter>Header Files</Filter>
    </ClInclude>
    <ClInclude Include="src\function\Dispatcher.h">
      <Filter>Header Files</Filter>
    </ClInclude>
    <ClInclude Include="src\function\Functions.h">
      <Filter>Header Files</Filter>
    </ClInclude>
    <ClInclude Include="src\function\Struct.h">
      <Filter>Header Files</Filter>
    </ClInclude>
    <ClInclude Include="src\function\impl\driver\Strong.h">
      <Filter>Header Files</Filter>
    </ClInclude>
    <ClInclude Include="src\function\impl\driver\PML_Walker.h">
      <Filter>Header Files</Filter>
    </ClInclude>
    <ClInclude Include="src\function\impl\driver\za.h">
      <Filter>Header Files</Filter>
    </ClInclude>
    <ClInclude Include="src\function\AntiDebug.h">
      <Filter>Header Files</Filter>
    </ClInclude>
    <ClInclude Include="src\function\CallerValidation.h">
      <Filter>Header Files</Filter>
    </ClInclude>
    <ClInclude Include="src\function\DeviceNames.h">
      <Filter>Header Files</Filter>
    </ClInclude>
    <ClInclude Include="src\function\SecureComm.h">
      <Filter>Header Files</Filter>
    </ClInclude>
    <ClInclude Include="src\function\Stealth.h">
      <Filter>Header Files</Filter>
    </ClInclude>
    <ClInclude Include="src\function\CallObfuscation.h">
      <Filter>Header Files</Filter>
    </ClInclude>
    <ClInclude Include="src\function\StackSpoof.h">
      <Filter>Header Files</Filter>
    </ClInclude>
  </ItemGroup>
  <ItemGroup>
    <None Include="packages.config" />
  </ItemGroup>
</Project>