<?xml version="1.0" encoding="utf-8"?>
<Project ToolsVersion="4.0" xmlns="http://schemas.microsoft.com/developer/msbuild/2003">
  <ItemGroup>
    <Filter Include="Source Files">
      <UniqueIdentifier>{4FC737F1-C7A5-4376-A066-2A32D752A2FF}</UniqueIdentifier>
      <Extensions>cpp;c;cc;cxx;def;odl;idl;hpj;bat;asm;asmx</Extensions>
    </Filter>
    <Filter Include="Header Files">
      <UniqueIdentifier>{93995380-89BD-4b04-88EB-625FBE52EBFB}</UniqueIdentifier>
      <Extensions>h;hh;hpp;hxx;hm;inl;inc;xsd</Extensions>
    </Filter>
    <Filter Include="Source Files\Operations">
      <UniqueIdentifier>{5A8F7E64-6C8B-4F1A-AB1F-43A2E8B6F9DA}</UniqueIdentifier>
    </Filter>
    <Filter Include="Driver Files">
      <UniqueIdentifier>{8E412F49-CFEF-46FA-91A8-9A8A2DD8E2F2}</UniqueIdentifier>
      <Extensions>inf;inv;inx;mof;mc;</Extensions>
    </Filter>
  </ItemGroup>
  <ItemGroup>
    <ClCompile Include="src\DriverEntry.cpp">
      <Filter>Source Files</Filter>
    </ClCompile>
    <ClCompile Include="src\SandboxRegistry.cpp">
      <Filter>Source Files</Filter>
    </ClCompile>
    <ClCompile Include="src\ShadowPath.cpp">
      <Filter>Source Files</Filter>
    </ClCompile>
    <ClCompile Include="src\Comms.cpp">
      <Filter>Source Files</Filter>
    </ClCompile>
    <ClCompile Include="src\Operations\PreCreate.cpp">
      <Filter>Source Files\Operations</Filter>
    </ClCompile>
    <ClCompile Include="src\Operations\PreWrite.cpp">
      <Filter>Source Files\Operations</Filter>
    </ClCompile>
    <ClCompile Include="src\Operations\PreSetInformation.cpp">
      <Filter>Source Files\Operations</Filter>
    </ClCompile>
    <ClCompile Include="src\Operations\PreCleanup.cpp">
      <Filter>Source Files\Operations</Filter>
    </ClCompile>
    <ClCompile Include="src\Operations\PreDirectoryControl.cpp">
      <Filter>Source Files\Operations</Filter>
    </ClCompile>
    <ClCompile Include="src\Operations\PreFsCtrl.cpp">
      <Filter>Source Files\Operations</Filter>
    </ClCompile>
    <ClCompile Include="src\Operations\DirMerge.cpp">
      <Filter>Source Files\Operations</Filter>
    </ClCompile>
  </ItemGroup>
  <ItemGroup>
    <ClInclude Include="src\MinifilterContext.h">
      <Filter>Header Files</Filter>
    </ClInclude>
    <ClInclude Include="src\SandboxRegistry.h">
      <Filter>Header Files</Filter>
    </ClInclude>
    <ClInclude Include="src\ShadowPath.h">
      <Filter>Header Files</Filter>
    </ClInclude>
    <ClInclude Include="src\Comms.h">
      <Filter>Header Files</Filter>
    </ClInclude>
    <ClInclude Include="src\Logging.h">
      <Filter>Header Files</Filter>
    </ClInclude>
    <ClInclude Include="src\ShadowFSProtocol.h">
      <Filter>Header Files</Filter>
    </ClInclude>
    <ClInclude Include="src\Operations\Operations.h">
      <Filter>Header Files</Filter>
    </ClInclude>
    <ClInclude Include="src\Operations\DirMerge.h">
      <Filter>Header Files</Filter>
    </ClInclude>
  </ItemGroup>
  <ItemGroup>
    <None Include="packages.config" />
    <None Include="AiDAShadowFS.inf">
      <Filter>Driver Files</Filter>
    </None>
  </ItemGroup>
</Project>
